
Microsoft Visual Studio Solution File, Format Version 12.00
# Visual Studio Version 17
VisualStudioVersion = 17.5.33530.505
MinimumVisualStudioVersion = 10.0.40219.1
Project("{FAE04EC0-301F-11D3-BF4B-00C04F79EFBC}") = "football", "football.csproj", "{3F60429C-EF29-448D-9F81-9CF92484AEB5}"
EndProject
Global
	GlobalSection(SolutionConfigurationPlatforms) = preSolution
		Debug|Any CPU = Debug|Any CPU
		Release|Any CPU = Release|Any CPU
	EndGlobalSection
	GlobalSection(ProjectConfigurationPlatforms) = postSolution
		{3F60429C-EF29-448D-9F81-9CF92484AEB5}.Debug|Any CPU.ActiveCfg = Debug|Any CPU
		{3F60429C-EF29-448D-9F81-9CF92484AEB5}.Debug|Any CPU.Build.0 = Debug|Any CPU
		{3F60429C-EF29-448D-9F81-9CF92484AEB5}.Release|Any CPU.ActiveCfg = Release|Any CPU
		{3F60429C-EF29-448D-9F81-9CF92484AEB5}.Release|Any CPU.Build.0 = Release|Any CPU
	EndGlobalSection
	GlobalSection(SolutionProperties) = preSolution
		HideSolutionNode = FALSE
	EndGlobalSection
	GlobalSection(ExtensibilityGlobals) = postSolution
		SolutionGuid = {EC089A7D-5CE8-46CC-BC81-CAD0474A94CF}
	EndGlobalSection
EndGlobal
